
Microsoft Visual Studio Solution File, Format Version 12.00
# Visual Studio 15
VisualStudioVersion = 15.0.26430.14
MinimumVisualStudioVersion = 10.0.40219.1
Project("{9A19103F-16F7-4668-BE54-9A1E7A4F7556}") = "DevFun.Api", "DevFun.Api\DevFun.Api.csproj", "{AC5C8C18-C38E-4A7F-85F5-EFF295C56AF9}"
EndProject
Project("{2150E333-8FDC-42A3-9474-1A3956D46DE8}") = "Services", "Services", "{BA4DC970-329D-435C-B2F2-20447DA962A4}"
EndProject
Project("{2150E333-8FDC-42A3-9474-1A3956D46DE8}") = "Libraries", "Libraries", "{D4E0EB67-7554-4E8C-8CF7-F2E8883B2548}"
EndProject
Project("{9A19103F-16F7-4668-BE54-9A1E7A4F7556}") = "DevFun.Logic", "DevFun.Logic\DevFun.Logic.csproj", "{133BAEEF-E409-4FC9-BA3F-0E3344D7A206}"
EndProject
Project("{9A19103F-16F7-4668-BE54-9A1E7A4F7556}") = "DevFun.Storage", "DevFun.Storage\DevFun.Storage.csproj", "{800E25FA-6D7F-4581-8E51-93B9C86D8CD6}"
EndProject
Project("{2150E333-8FDC-42A3-9474-1A3956D46DE8}") = "Tests", "Tests", "{E770E417-3A3E-4265-9C99-C12B540351D4}"
EndProject
Project("{9A19103F-16F7-4668-BE54-9A1E7A4F7556}") = "DevFun.Logic.Unit.Tests", "DevFun.Logic.Unit.Tests\DevFun.Logic.Unit.Tests.csproj", "{C5375C05-AD84-402D-9A0F-DF034F90A447}"
EndProject
Project("{9A19103F-16F7-4668-BE54-9A1E7A4F7556}") = "DevFun.Common", "DevFun.Common\DevFun.Common.csproj", "{825FE77D-2EC1-4C76-AE47-E85D28461746}"
EndProject
Project("{E53339B2-1760-4266-BCC7-CA923CBCF16C}") = "docker-compose", "docker-compose.dcproj", "{73160DA3-A13B-4675-88C8-24377E32BDA3}"
EndProject
Project("{FAE04EC0-301F-11D3-BF4B-00C04F79EFBC}") = "DevFun.Api.System.Tests", "DevFun.Api.System.Tests\DevFun.Api.System.Tests.csproj", "{0A3ADD7B-0E7C-4EC7-87EF-B68D79F9F894}"
EndProject
Project("{00D1A9C2-B5F0-4AF3-8072-F6C62B433612}") = "DevFun.DB", "DevFun.DB\DevFun.DB.sqlproj", "{76E4F23C-528E-498F-AAAB-9D3EC4B3BE10}"
EndProject
Global
	GlobalSection(SolutionConfigurationPlatforms) = preSolution
		Debug|Any CPU = Debug|Any CPU
		Release|Any CPU = Release|Any CPU
	EndGlobalSection
	GlobalSection(ProjectConfigurationPlatforms) = postSolution
		{AC5C8C18-C38E-4A7F-85F5-EFF295C56AF9}.Debug|Any CPU.ActiveCfg = Debug|Any CPU
		{AC5C8C18-C38E-4A7F-85F5-EFF295C56AF9}.Debug|Any CPU.Build.0 = Debug|Any CPU
		{AC5C8C18-C38E-4A7F-85F5-EFF295C56AF9}.Release|Any CPU.ActiveCfg = Release|Any CPU
		{AC5C8C18-C38E-4A7F-85F5-EFF295C56AF9}.Release|Any CPU.Build.0 = Release|Any CPU
		{133BAEEF-E409-4FC9-BA3F-0E3344D7A206}.Debug|Any CPU.ActiveCfg = Debug|Any CPU
		{133BAEEF-E409-4FC9-BA3F-0E3344D7A206}.Debug|Any CPU.Build.0 = Debug|Any CPU
		{133BAEEF-E409-4FC9-BA3F-0E3344D7A206}.Release|Any CPU.ActiveCfg = Release|Any CPU
		{133BAEEF-E409-4FC9-BA3F-0E3344D7A206}.Release|Any CPU.Build.0 = Release|Any CPU
		{800E25FA-6D7F-4581-8E51-93B9C86D8CD6}.Debug|Any CPU.ActiveCfg = Debug|Any CPU
		{800E25FA-6D7F-4581-8E51-93B9C86D8CD6}.Debug|Any CPU.Build.0 = Debug|Any CPU
		{800E25FA-6D7F-4581-8E51-93B9C86D8CD6}.Release|Any CPU.ActiveCfg = Release|Any CPU
		{800E25FA-6D7F-4581-8E51-93B9C86D8CD6}.Release|Any CPU.Build.0 = Release|Any CPU
		{C5375C05-AD84-402D-9A0F-DF034F90A447}.Debug|Any CPU.ActiveCfg = Debug|Any CPU
		{C5375C05-AD84-402D-9A0F-DF034F90A447}.Debug|Any CPU.Build.0 = Debug|Any CPU
		{C5375C05-AD84-402D-9A0F-DF034F90A447}.Release|Any CPU.ActiveCfg = Release|Any CPU
		{C5375C05-AD84-402D-9A0F-DF034F90A447}.Release|Any CPU.Build.0 = Release|Any CPU
		{825FE77D-2EC1-4C76-AE47-E85D28461746}.Debug|Any CPU.ActiveCfg = Debug|Any CPU
		{825FE77D-2EC1-4C76-AE47-E85D28461746}.Debug|Any CPU.Build.0 = Debug|Any CPU
		{825FE77D-2EC1-4C76-AE47-E85D28461746}.Release|Any CPU.ActiveCfg = Release|Any CPU
		{825FE77D-2EC1-4C76-AE47-E85D28461746}.Release|Any CPU.Build.0 = Release|Any CPU
		{73160DA3-A13B-4675-88C8-24377E32BDA3}.Debug|Any CPU.ActiveCfg = Debug|Any CPU
		{73160DA3-A13B-4675-88C8-24377E32BDA3}.Debug|Any CPU.Build.0 = Debug|Any CPU
		{73160DA3-A13B-4675-88C8-24377E32BDA3}.Release|Any CPU.ActiveCfg = Release|Any CPU
		{73160DA3-A13B-4675-88C8-24377E32BDA3}.Release|Any CPU.Build.0 = Release|Any CPU
		{0A3ADD7B-0E7C-4EC7-87EF-B68D79F9F894}.Debug|Any CPU.ActiveCfg = Debug|Any CPU
		{0A3ADD7B-0E7C-4EC7-87EF-B68D79F9F894}.Debug|Any CPU.Build.0 = Debug|Any CPU
		{0A3ADD7B-0E7C-4EC7-87EF-B68D79F9F894}.Release|Any CPU.ActiveCfg = Release|Any CPU
		{0A3ADD7B-0E7C-4EC7-87EF-B68D79F9F894}.Release|Any CPU.Build.0 = Release|Any CPU
		{76E4F23C-528E-498F-AAAB-9D3EC4B3BE10}.Debug|Any CPU.ActiveCfg = Debug|Any CPU
		{76E4F23C-528E-498F-AAAB-9D3EC4B3BE10}.Debug|Any CPU.Build.0 = Debug|Any CPU
		{76E4F23C-528E-498F-AAAB-9D3EC4B3BE10}.Debug|Any CPU.Deploy.0 = Debug|Any CPU
		{76E4F23C-528E-498F-AAAB-9D3EC4B3BE10}.Release|Any CPU.ActiveCfg = Release|Any CPU
		{76E4F23C-528E-498F-AAAB-9D3EC4B3BE10}.Release|Any CPU.Build.0 = Release|Any CPU
		{76E4F23C-528E-498F-AAAB-9D3EC4B3BE10}.Release|Any CPU.Deploy.0 = Release|Any CPU
	EndGlobalSection
	GlobalSection(SolutionProperties) = preSolution
		HideSolutionNode = FALSE
	EndGlobalSection
	GlobalSection(NestedProjects) = preSolution
		{AC5C8C18-C38E-4A7F-85F5-EFF295C56AF9} = {BA4DC970-329D-435C-B2F2-20447DA962A4}
		{133BAEEF-E409-4FC9-BA3F-0E3344D7A206} = {D4E0EB67-7554-4E8C-8CF7-F2E8883B2548}
		{800E25FA-6D7F-4581-8E51-93B9C86D8CD6} = {D4E0EB67-7554-4E8C-8CF7-F2E8883B2548}
		{C5375C05-AD84-402D-9A0F-DF034F90A447} = {E770E417-3A3E-4265-9C99-C12B540351D4}
		{825FE77D-2EC1-4C76-AE47-E85D28461746} = {D4E0EB67-7554-4E8C-8CF7-F2E8883B2548}
		{0A3ADD7B-0E7C-4EC7-87EF-B68D79F9F894} = {E770E417-3A3E-4265-9C99-C12B540351D4}
		{76E4F23C-528E-498F-AAAB-9D3EC4B3BE10} = {D4E0EB67-7554-4E8C-8CF7-F2E8883B2548}
	EndGlobalSection
	GlobalSection(ExtensibilityGlobals) = postSolution
		SolutionGuid = {5F02B7F1-B4C6-43B9-B7DF-73A911791E64}
	EndGlobalSection
EndGlobal
