
Microsoft Visual Studio Solution File, Format Version 12.00
# Visual Studio 15
VisualStudioVersion = 15.0.28307.421
MinimumVisualStudioVersion = 10.0.40219.1
Project("{FAE04EC0-301F-11D3-BF4B-00C04F79EFBC}") = "DevFun.DataInitializer", "DevFun.DataInitializer\DevFun.DataInitializer.csproj", "{95E0179D-4AF0-4701-93F9-4D8F046316D8}"
EndProject
Global
	GlobalSection(SolutionConfigurationPlatforms) = preSolution
		Debug|Any CPU = Debug|Any CPU
		Release|Any CPU = Release|Any CPU
	EndGlobalSection
	GlobalSection(ProjectConfigurationPlatforms) = postSolution
		{95E0179D-4AF0-4701-93F9-4D8F046316D8}.Debug|Any CPU.ActiveCfg = Debug|Any CPU
		{95E0179D-4AF0-4701-93F9-4D8F046316D8}.Debug|Any CPU.Build.0 = Debug|Any CPU
		{95E0179D-4AF0-4701-93F9-4D8F046316D8}.Release|Any CPU.ActiveCfg = Release|Any CPU
		{95E0179D-4AF0-4701-93F9-4D8F046316D8}.Release|Any CPU.Build.0 = Release|Any CPU
	EndGlobalSection
	GlobalSection(SolutionProperties) = preSolution
		HideSolutionNode = FALSE
	EndGlobalSection
	GlobalSection(ExtensibilityGlobals) = postSolution
		SolutionGuid = {3155D547-F0D2-4C9C-997E-9D4D725ACFD2}
	EndGlobalSection
EndGlobal
